
Microsoft Visual Studio Solution File, Format Version 12.00
# Visual Studio 14
VisualStudioVersion = 14.0.25420.1
MinimumVisualStudioVersion = 10.0.40219.1
Project("{FAE04EC0-301F-11D3-BF4B-00C04F79EFBC}") = "Skoolbo.ApiClient", "Skoolbo.ApiClient\Skoolbo.ApiClient.csproj", "{6BA9C4B2-34C7-48D8-9B92-64178C8C2583}"
EndProject
Project("{FAE04EC0-301F-11D3-BF4B-00C04F79EFBC}") = "Skoolbo.RestSharpExtension", "Skoolbo.RestSharpExtension\Skoolbo.RestSharpExtension.csproj", "{FFED9310-D041-40BD-9DD9-D880E7211544}"
EndProject
Project("{FAE04EC0-301F-11D3-BF4B-00C04F79EFBC}") = "Ca.Skoolbo.Homesite", "Ca.Skoolbo.Homesite\Ca.Skoolbo.Homesite.csproj", "{B5C0AD25-B875-47B8-A7F0-60C46AF65616}"
EndProject
Project("{FAE04EC0-301F-11D3-BF4B-00C04F79EFBC}") = "Ca.Skoolbo.Test", "Ca.Skoolbo.Test\Ca.Skoolbo.Test.csproj", "{B2666066-AC9F-40C1-BBF2-14A8082E0A74}"
EndProject
Global
	GlobalSection(SolutionConfigurationPlatforms) = preSolution
		Au|Any CPU = Au|Any CPU
		Debug|Any CPU = Debug|Any CPU
		Nz|Any CPU = Nz|Any CPU
		Release|Any CPU = Release|Any CPU
		Uk|Any CPU = Uk|Any CPU
		Us|Any CPU = Us|Any CPU
	EndGlobalSection
	GlobalSection(ProjectConfigurationPlatforms) = postSolution
		{6BA9C4B2-34C7-48D8-9B92-64178C8C2583}.Au|Any CPU.ActiveCfg = Release|Any CPU
		{6BA9C4B2-34C7-48D8-9B92-64178C8C2583}.Au|Any CPU.Build.0 = Release|Any CPU
		{6BA9C4B2-34C7-48D8-9B92-64178C8C2583}.Debug|Any CPU.ActiveCfg = Debug|Any CPU
		{6BA9C4B2-34C7-48D8-9B92-64178C8C2583}.Debug|Any CPU.Build.0 = Debug|Any CPU
		{6BA9C4B2-34C7-48D8-9B92-64178C8C2583}.Nz|Any CPU.ActiveCfg = Release|Any CPU
		{6BA9C4B2-34C7-48D8-9B92-64178C8C2583}.Nz|Any CPU.Build.0 = Release|Any CPU
		{6BA9C4B2-34C7-48D8-9B92-64178C8C2583}.Release|Any CPU.ActiveCfg = Release|Any CPU
		{6BA9C4B2-34C7-48D8-9B92-64178C8C2583}.Release|Any CPU.Build.0 = Release|Any CPU
		{6BA9C4B2-34C7-48D8-9B92-64178C8C2583}.Uk|Any CPU.ActiveCfg = Release|Any CPU
		{6BA9C4B2-34C7-48D8-9B92-64178C8C2583}.Uk|Any CPU.Build.0 = Release|Any CPU
		{6BA9C4B2-34C7-48D8-9B92-64178C8C2583}.Us|Any CPU.ActiveCfg = Release|Any CPU
		{6BA9C4B2-34C7-48D8-9B92-64178C8C2583}.Us|Any CPU.Build.0 = Release|Any CPU
		{FFED9310-D041-40BD-9DD9-D880E7211544}.Au|Any CPU.ActiveCfg = Au|Any CPU
		{FFED9310-D041-40BD-9DD9-D880E7211544}.Au|Any CPU.Build.0 = Au|Any CPU
		{FFED9310-D041-40BD-9DD9-D880E7211544}.Debug|Any CPU.ActiveCfg = Debug|Any CPU
		{FFED9310-D041-40BD-9DD9-D880E7211544}.Debug|Any CPU.Build.0 = Debug|Any CPU
		{FFED9310-D041-40BD-9DD9-D880E7211544}.Nz|Any CPU.ActiveCfg = Nz|Any CPU
		{FFED9310-D041-40BD-9DD9-D880E7211544}.Nz|Any CPU.Build.0 = Nz|Any CPU
		{FFED9310-D041-40BD-9DD9-D880E7211544}.Release|Any CPU.ActiveCfg = Release|Any CPU
		{FFED9310-D041-40BD-9DD9-D880E7211544}.Release|Any CPU.Build.0 = Release|Any CPU
		{FFED9310-D041-40BD-9DD9-D880E7211544}.Uk|Any CPU.ActiveCfg = Uk|Any CPU
		{FFED9310-D041-40BD-9DD9-D880E7211544}.Uk|Any CPU.Build.0 = Uk|Any CPU
		{FFED9310-D041-40BD-9DD9-D880E7211544}.Us|Any CPU.ActiveCfg = Us|Any CPU
		{FFED9310-D041-40BD-9DD9-D880E7211544}.Us|Any CPU.Build.0 = Us|Any CPU
		{B5C0AD25-B875-47B8-A7F0-60C46AF65616}.Au|Any CPU.ActiveCfg = Release|Any CPU
		{B5C0AD25-B875-47B8-A7F0-60C46AF65616}.Au|Any CPU.Build.0 = Release|Any CPU
		{B5C0AD25-B875-47B8-A7F0-60C46AF65616}.Debug|Any CPU.ActiveCfg = Debug|Any CPU
		{B5C0AD25-B875-47B8-A7F0-60C46AF65616}.Debug|Any CPU.Build.0 = Debug|Any CPU
		{B5C0AD25-B875-47B8-A7F0-60C46AF65616}.Nz|Any CPU.ActiveCfg = Release|Any CPU
		{B5C0AD25-B875-47B8-A7F0-60C46AF65616}.Nz|Any CPU.Build.0 = Release|Any CPU
		{B5C0AD25-B875-47B8-A7F0-60C46AF65616}.Release|Any CPU.ActiveCfg = Release|Any CPU
		{B5C0AD25-B875-47B8-A7F0-60C46AF65616}.Release|Any CPU.Build.0 = Release|Any CPU
		{B5C0AD25-B875-47B8-A7F0-60C46AF65616}.Uk|Any CPU.ActiveCfg = Release|Any CPU
		{B5C0AD25-B875-47B8-A7F0-60C46AF65616}.Uk|Any CPU.Build.0 = Release|Any CPU
		{B5C0AD25-B875-47B8-A7F0-60C46AF65616}.Us|Any CPU.ActiveCfg = Release|Any CPU
		{B5C0AD25-B875-47B8-A7F0-60C46AF65616}.Us|Any CPU.Build.0 = Release|Any CPU
		{B2666066-AC9F-40C1-BBF2-14A8082E0A74}.Au|Any CPU.ActiveCfg = Release|Any CPU
		{B2666066-AC9F-40C1-BBF2-14A8082E0A74}.Au|Any CPU.Build.0 = Release|Any CPU
		{B2666066-AC9F-40C1-BBF2-14A8082E0A74}.Debug|Any CPU.ActiveCfg = Debug|Any CPU
		{B2666066-AC9F-40C1-BBF2-14A8082E0A74}.Debug|Any CPU.Build.0 = Debug|Any CPU
		{B2666066-AC9F-40C1-BBF2-14A8082E0A74}.Nz|Any CPU.ActiveCfg = Release|Any CPU
		{B2666066-AC9F-40C1-BBF2-14A8082E0A74}.Nz|Any CPU.Build.0 = Release|Any CPU
		{B2666066-AC9F-40C1-BBF2-14A8082E0A74}.Release|Any CPU.ActiveCfg = Release|Any CPU
		{B2666066-AC9F-40C1-BBF2-14A8082E0A74}.Release|Any CPU.Build.0 = Release|Any CPU
		{B2666066-AC9F-40C1-BBF2-14A8082E0A74}.Uk|Any CPU.ActiveCfg = Release|Any CPU
		{B2666066-AC9F-40C1-BBF2-14A8082E0A74}.Uk|Any CPU.Build.0 = Release|Any CPU
		{B2666066-AC9F-40C1-BBF2-14A8082E0A74}.Us|Any CPU.ActiveCfg = Release|Any CPU
		{B2666066-AC9F-40C1-BBF2-14A8082E0A74}.Us|Any CPU.Build.0 = Release|Any CPU
	EndGlobalSection
	GlobalSection(SolutionProperties) = preSolution
		HideSolutionNode = FALSE
	EndGlobalSection
EndGlobal
